
Microsoft Visual Studio Solution File, Format Version 12.00
# Visual Studio Version 17
VisualStudioVersion = 17.5.33502.453
MinimumVisualStudioVersion = 10.0.40219.1
Project("{9A19103F-16F7-4668-BE54-9A1E7A4F7556}") = "OrganStorage.Web", "OrgansDelivery.Web\OrganStorage.Web.csproj", "{270CC872-5836-4477-8FC9-7C147FBD1B1D}"
EndProject
Project("{9A19103F-16F7-4668-BE54-9A1E7A4F7556}") = "OrganStorage.DAL", "OrgansDelivery.DAL\OrganStorage.DAL.csproj", "{2AE28A4F-2D4A-4DDD-A64B-F25882AC41A8}"
EndProject
Project("{9A19103F-16F7-4668-BE54-9A1E7A4F7556}") = "OrganStorage.BL", "OrgansDelivery.BL\OrganStorage.BL.csproj", "{5CB16DA6-21DE-4D2E-B45B-405ED3BDBB82}"
EndProject
Project("{9A19103F-16F7-4668-BE54-9A1E7A4F7556}") = "OrganStorage.Web.Common", "OrgansDelivery.Web.Common\OrganStorage.Web.Common.csproj", "{8711999E-EE4D-4C1E-9302-92F0C08BE458}"
EndProject
Project("{8BC9CEB8-8B4A-11D0-8D11-00A0C91BC942}") = "OrganStorage.IoT", "OrganStorage.IoT\OrganStorage.IoT.vcxproj", "{1E93EF73-58ED-4961-BDE5-11B8288CCC63}"
EndProject
Project("{9A19103F-16F7-4668-BE54-9A1E7A4F7556}") = "OrganStorage.Admin.Web", "OrganStorage.Admin.Web\OrganStorage.Admin.Web.csproj", "{4C9C2313-989F-43BD-84CE-7A2C68313F80}"
EndProject
Project("{9A19103F-16F7-4668-BE54-9A1E7A4F7556}") = "OrgansStorage.Mobile", "OrgansDelivery.Mobile\OrgansStorage.Mobile.csproj", "{44F412C4-6845-454C-B53E-2C6F951DB7E6}"
EndProject
Global
	GlobalSection(SolutionConfigurationPlatforms) = preSolution
		Debug|Any CPU = Debug|Any CPU
		Debug|x64 = Debug|x64
		Debug|x86 = Debug|x86
		Release|Any CPU = Release|Any CPU
		Release|x64 = Release|x64
		Release|x86 = Release|x86
	EndGlobalSection
	GlobalSection(ProjectConfigurationPlatforms) = postSolution
		{270CC872-5836-4477-8FC9-7C147FBD1B1D}.Debug|Any CPU.ActiveCfg = Debug|Any CPU
		{270CC872-5836-4477-8FC9-7C147FBD1B1D}.Debug|Any CPU.Build.0 = Debug|Any CPU
		{270CC872-5836-4477-8FC9-7C147FBD1B1D}.Debug|x64.ActiveCfg = Debug|Any CPU
		{270CC872-5836-4477-8FC9-7C147FBD1B1D}.Debug|x64.Build.0 = Debug|Any CPU
		{270CC872-5836-4477-8FC9-7C147FBD1B1D}.Debug|x86.ActiveCfg = Debug|Any CPU
		{270CC872-5836-4477-8FC9-7C147FBD1B1D}.Debug|x86.Build.0 = Debug|Any CPU
		{270CC872-5836-4477-8FC9-7C147FBD1B1D}.Release|Any CPU.ActiveCfg = Release|Any CPU
		{270CC872-5836-4477-8FC9-7C147FBD1B1D}.Release|Any CPU.Build.0 = Release|Any CPU
		{270CC872-5836-4477-8FC9-7C147FBD1B1D}.Release|x64.ActiveCfg = Release|Any CPU
		{270CC872-5836-4477-8FC9-7C147FBD1B1D}.Release|x64.Build.0 = Release|Any CPU
		{270CC872-5836-4477-8FC9-7C147FBD1B1D}.Release|x86.ActiveCfg = Release|Any CPU
		{270CC872-5836-4477-8FC9-7C147FBD1B1D}.Release|x86.Build.0 = Release|Any CPU
		{2AE28A4F-2D4A-4DDD-A64B-F25882AC41A8}.Debug|Any CPU.ActiveCfg = Debug|Any CPU
		{2AE28A4F-2D4A-4DDD-A64B-F25882AC41A8}.Debug|Any CPU.Build.0 = Debug|Any CPU
		{2AE28A4F-2D4A-4DDD-A64B-F25882AC41A8}.Debug|x64.ActiveCfg = Debug|Any CPU
		{2AE28A4F-2D4A-4DDD-A64B-F25882AC41A8}.Debug|x64.Build.0 = Debug|Any CPU
		{2AE28A4F-2D4A-4DDD-A64B-F25882AC41A8}.Debug|x86.ActiveCfg = Debug|Any CPU
		{2AE28A4F-2D4A-4DDD-A64B-F25882AC41A8}.Debug|x86.Build.0 = Debug|Any CPU
		{2AE28A4F-2D4A-4DDD-A64B-F25882AC41A8}.Release|Any CPU.ActiveCfg = Release|Any CPU
		{2AE28A4F-2D4A-4DDD-A64B-F25882AC41A8}.Release|Any CPU.Build.0 = Release|Any CPU
		{2AE28A4F-2D4A-4DDD-A64B-F25882AC41A8}.Release|x64.ActiveCfg = Release|Any CPU
		{2AE28A4F-2D4A-4DDD-A64B-F25882AC41A8}.Release|x64.Build.0 = Release|Any CPU
		{2AE28A4F-2D4A-4DDD-A64B-F25882AC41A8}.Release|x86.ActiveCfg = Release|Any CPU
		{2AE28A4F-2D4A-4DDD-A64B-F25882AC41A8}.Release|x86.Build.0 = Release|Any CPU
		{5CB16DA6-21DE-4D2E-B45B-405ED3BDBB82}.Debug|Any CPU.ActiveCfg = Debug|Any CPU
		{5CB16DA6-21DE-4D2E-B45B-405ED3BDBB82}.Debug|Any CPU.Build.0 = Debug|Any CPU
		{5CB16DA6-21DE-4D2E-B45B-405ED3BDBB82}.Debug|x64.ActiveCfg = Debug|Any CPU
		{5CB16DA6-21DE-4D2E-B45B-405ED3BDBB82}.Debug|x64.Build.0 = Debug|Any CPU
		{5CB16DA6-21DE-4D2E-B45B-405ED3BDBB82}.Debug|x86.ActiveCfg = Debug|Any CPU
		{5CB16DA6-21DE-4D2E-B45B-405ED3BDBB82}.Debug|x86.Build.0 = Debug|Any CPU
		{5CB16DA6-21DE-4D2E-B45B-405ED3BDBB82}.Release|Any CPU.ActiveCfg = Release|Any CPU
		{5CB16DA6-21DE-4D2E-B45B-405ED3BDBB82}.Release|Any CPU.Build.0 = Release|Any CPU
		{5CB16DA6-21DE-4D2E-B45B-405ED3BDBB82}.Release|x64.ActiveCfg = Release|Any CPU
		{5CB16DA6-21DE-4D2E-B45B-405ED3BDBB82}.Release|x64.Build.0 = Release|Any CPU
		{5CB16DA6-21DE-4D2E-B45B-405ED3BDBB82}.Release|x86.ActiveCfg = Release|Any CPU
		{5CB16DA6-21DE-4D2E-B45B-405ED3BDBB82}.Release|x86.Build.0 = Release|Any CPU
		{8711999E-EE4D-4C1E-9302-92F0C08BE458}.Debug|Any CPU.ActiveCfg = Debug|Any CPU
		{8711999E-EE4D-4C1E-9302-92F0C08BE458}.Debug|Any CPU.Build.0 = Debug|Any CPU
		{8711999E-EE4D-4C1E-9302-92F0C08BE458}.Debug|x64.ActiveCfg = Debug|Any CPU
		{8711999E-EE4D-4C1E-9302-92F0C08BE458}.Debug|x64.Build.0 = Debug|Any CPU
		{8711999E-EE4D-4C1E-9302-92F0C08BE458}.Debug|x86.ActiveCfg = Debug|Any CPU
		{8711999E-EE4D-4C1E-9302-92F0C08BE458}.Debug|x86.Build.0 = Debug|Any CPU
		{8711999E-EE4D-4C1E-9302-92F0C08BE458}.Release|Any CPU.ActiveCfg = Release|Any CPU
		{8711999E-EE4D-4C1E-9302-92F0C08BE458}.Release|Any CPU.Build.0 = Release|Any CPU
		{8711999E-EE4D-4C1E-9302-92F0C08BE458}.Release|x64.ActiveCfg = Release|Any CPU
		{8711999E-EE4D-4C1E-9302-92F0C08BE458}.Release|x64.Build.0 = Release|Any CPU
		{8711999E-EE4D-4C1E-9302-92F0C08BE458}.Release|x86.ActiveCfg = Release|Any CPU
		{8711999E-EE4D-4C1E-9302-92F0C08BE458}.Release|x86.Build.0 = Release|Any CPU
		{1E93EF73-58ED-4961-BDE5-11B8288CCC63}.Debug|Any CPU.ActiveCfg = Debug|x64
		{1E93EF73-58ED-4961-BDE5-11B8288CCC63}.Debug|Any CPU.Build.0 = Debug|x64
		{1E93EF73-58ED-4961-BDE5-11B8288CCC63}.Debug|x64.ActiveCfg = Debug|x64
		{1E93EF73-58ED-4961-BDE5-11B8288CCC63}.Debug|x64.Build.0 = Debug|x64
		{1E93EF73-58ED-4961-BDE5-11B8288CCC63}.Debug|x86.ActiveCfg = Debug|Win32
		{1E93EF73-58ED-4961-BDE5-11B8288CCC63}.Debug|x86.Build.0 = Debug|Win32
		{1E93EF73-58ED-4961-BDE5-11B8288CCC63}.Release|Any CPU.ActiveCfg = Release|x64
		{1E93EF73-58ED-4961-BDE5-11B8288CCC63}.Release|Any CPU.Build.0 = Release|x64
		{1E93EF73-58ED-4961-BDE5-11B8288CCC63}.Release|x64.ActiveCfg = Release|x64
		{1E93EF73-58ED-4961-BDE5-11B8288CCC63}.Release|x64.Build.0 = Release|x64
		{1E93EF73-58ED-4961-BDE5-11B8288CCC63}.Release|x86.ActiveCfg = Release|Win32
		{1E93EF73-58ED-4961-BDE5-11B8288CCC63}.Release|x86.Build.0 = Release|Win32
		{4C9C2313-989F-43BD-84CE-7A2C68313F80}.Debug|Any CPU.ActiveCfg = Debug|Any CPU
		{4C9C2313-989F-43BD-84CE-7A2C68313F80}.Debug|Any CPU.Build.0 = Debug|Any CPU
		{4C9C2313-989F-43BD-84CE-7A2C68313F80}.Debug|x64.ActiveCfg = Debug|Any CPU
		{4C9C2313-989F-43BD-84CE-7A2C68313F80}.Debug|x64.Build.0 = Debug|Any CPU
		{4C9C2313-989F-43BD-84CE-7A2C68313F80}.Debug|x86.ActiveCfg = Debug|Any CPU
		{4C9C2313-989F-43BD-84CE-7A2C68313F80}.Debug|x86.Build.0 = Debug|Any CPU
		{4C9C2313-989F-43BD-84CE-7A2C68313F80}.Release|Any CPU.ActiveCfg = Release|Any CPU
		{4C9C2313-989F-43BD-84CE-7A2C68313F80}.Release|Any CPU.Build.0 = Release|Any CPU
		{4C9C2313-989F-43BD-84CE-7A2C68313F80}.Release|x64.ActiveCfg = Release|Any CPU
		{4C9C2313-989F-43BD-84CE-7A2C68313F80}.Release|x64.Build.0 = Release|Any CPU
		{4C9C2313-989F-43BD-84CE-7A2C68313F80}.Release|x86.ActiveCfg = Release|Any CPU
		{4C9C2313-989F-43BD-84CE-7A2C68313F80}.Release|x86.Build.0 = Release|Any CPU
		{44F412C4-6845-454C-B53E-2C6F951DB7E6}.Debug|Any CPU.ActiveCfg = Debug|Any CPU
		{44F412C4-6845-454C-B53E-2C6F951DB7E6}.Debug|Any CPU.Build.0 = Debug|Any CPU
		{44F412C4-6845-454C-B53E-2C6F951DB7E6}.Debug|Any CPU.Deploy.0 = Debug|Any CPU
		{44F412C4-6845-454C-B53E-2C6F951DB7E6}.Debug|x64.ActiveCfg = Debug|Any CPU
		{44F412C4-6845-454C-B53E-2C6F951DB7E6}.Debug|x64.Build.0 = Debug|Any CPU
		{44F412C4-6845-454C-B53E-2C6F951DB7E6}.Debug|x64.Deploy.0 = Debug|Any CPU
		{44F412C4-6845-454C-B53E-2C6F951DB7E6}.Debug|x86.ActiveCfg = Debug|Any CPU
		{44F412C4-6845-454C-B53E-2C6F951DB7E6}.Debug|x86.Build.0 = Debug|Any CPU
		{44F412C4-6845-454C-B53E-2C6F951DB7E6}.Debug|x86.Deploy.0 = Debug|Any CPU
		{44F412C4-6845-454C-B53E-2C6F951DB7E6}.Release|Any CPU.ActiveCfg = Release|Any CPU
		{44F412C4-6845-454C-B53E-2C6F951DB7E6}.Release|Any CPU.Build.0 = Release|Any CPU
		{44F412C4-6845-454C-B53E-2C6F951DB7E6}.Release|Any CPU.Deploy.0 = Release|Any CPU
		{44F412C4-6845-454C-B53E-2C6F951DB7E6}.Release|x64.ActiveCfg = Release|Any CPU
		{44F412C4-6845-454C-B53E-2C6F951DB7E6}.Release|x64.Build.0 = Release|Any CPU
		{44F412C4-6845-454C-B53E-2C6F951DB7E6}.Release|x64.Deploy.0 = Release|Any CPU
		{44F412C4-6845-454C-B53E-2C6F951DB7E6}.Release|x86.ActiveCfg = Release|Any CPU
		{44F412C4-6845-454C-B53E-2C6F951DB7E6}.Release|x86.Build.0 = Release|Any CPU
		{44F412C4-6845-454C-B53E-2C6F951DB7E6}.Release|x86.Deploy.0 = Release|Any CPU
	EndGlobalSection
	GlobalSection(SolutionProperties) = preSolution
		HideSolutionNode = FALSE
	EndGlobalSection
	GlobalSection(ExtensibilityGlobals) = postSolution
		SolutionGuid = {9FAB4EF2-0031-41A1-8F06-B82BD3B3E613}
	EndGlobalSection
EndGlobal
